// !$*UTF8*$!
{
	archiveVersion = 1;
	classes = {
	};
	objectVersion = 46;
	objects = {

/* Begin PBXBuildFile section */
		5410BE711C7EEA8C002DADD7 /* AppDelegate.swift in Sources */ = {isa = PBXBuildFile; fileRef = 5410BE701C7EEA8C002DADD7 /* AppDelegate.swift */; };
		5410BE731C7EEA8C002DADD7 /* ViewController.swift in Sources */ = {isa = PBXBuildFile; fileRef = 5410BE721C7EEA8C002DADD7 /* ViewController.swift */; };
		5410BE761C7EEA8C002DADD7 /* Main.storyboard in Resources */ = {isa = PBXBuildFile; fileRef = 5410BE741C7EEA8C002DADD7 /* Main.storyboard */; };
		5410BE781C7EEA8C002DADD7 /* Assets.xcassets in Resources */ = {isa = PBXBuildFile; fileRef = 5410BE771C7EEA8C002DADD7 /* Assets.xcassets */; };
		5410BE7B1C7EEA8C002DADD7 /* LaunchScreen.storyboard in Resources */ = {isa = PBXBuildFile; fileRef = 5410BE791C7EEA8C002DADD7 /* LaunchScreen.storyboard */; };
		5410BE861C7EEA8C002DADD7 /* UI_____UIImageTests.swift in Sources */ = {isa = PBXBuildFile; fileRef = 5410BE851C7EEA8C002DADD7 /* UI_____UIImageTests.swift */; };
		5410BE911C7EEA8C002DADD7 /* UI_____UIImageUITests.swift in Sources */ = {isa = PBXBuildFile; fileRef = 5410BE901C7EEA8C002DADD7 /* UI_____UIImageUITests.swift */; };
/* End PBXBuildFile section */

/* Begin PBXContainerItemProxy section */
		5410BE821C7EEA8C002DADD7 /* PBXContainerItemProxy */ = {
			isa = PBXContainerItemProxy;
			containerPortal = 5410BE651C7EEA8C002DADD7 /* Project object */;
			proxyType = 1;
			remoteGlobalIDString = 5410BE6C1C7EEA8C002DADD7;
			remoteInfo = "UI控件学习之UIImage";
		};
		5410BE8D1C7EEA8C002DADD7 /* PBXContainerItemProxy */ = {
			isa = PBXContainerItemProxy;
			containerPortal = 5410BE651C7EEA8C002DADD7 /* Project object */;
			proxyType = 1;
			remoteGlobalIDString = 5410BE6C1C7EEA8C002DADD7;
			remoteInfo = "UI控件学习之UIImage";
		};
/* End PBXContainerItemProxy section */

/* Begin PBXFileReference section */
		5410BE6D1C7EEA8C002DADD7 /* UI控件学习之UIImage.app */ = {isa = PBXFileReference; explicitFileType = wrapper.application; includeInIndex = 0; path = "UI控件学习之UIImage.app"; sourceTree = BUILT_PRODUCTS_DIR; };
		5410BE701C7EEA8C002DADD7 /* AppDelegate.swift */ = {isa = PBXFileReference; lastKnownFileType = sourcecode.swift; path = AppDelegate.swift; sourceTree = "<group>"; };
		5410BE721C7EEA8C002DADD7 /* ViewController.swift */ = {isa = PBXFileReference; lastKnownFileType = sourcecode.swift; path = ViewController.swift; sourceTree = "<group>"; };
		5410BE751C7EEA8C002DADD7 /* Base */ = {isa = PBXFileReference; lastKnownFileType = file.storyboard; name = Base; path = Base.lproj/Main.storyboard; sourceTree = "<group>"; };
		5410BE771C7EEA8C002DADD7 /* Assets.xcassets */ = {isa = PBXFileReference; lastKnownFileType = folder.assetcatalog; path = Assets.xcassets; sourceTree = "<group>"; };
		5410BE7A1C7EEA8C002DADD7 /* Base */ = {isa = PBXFileReference; lastKnownFileType = file.storyboard; name = Base; path = Base.lproj/LaunchScreen.storyboard; sourceTree = "<group>"; };
		5410BE7C1C7EEA8C002DADD7 /* Info.plist */ = {isa = PBXFileReference; lastKnownFileType = text.plist.xml; path = Info.plist; sourceTree = "<group>"; };
		5410BE811C7EEA8C002DADD7 /* UI控件学习之UIImageTests.xctest */ = {isa = PBXFileReference; explicitFileType = wrapper.cfbundle; includeInIndex = 0; path = "UI控件学习之UIImageTests.xctest"; sourceTree = BUILT_PRODUCTS_DIR; };
		5410BE851C7EEA8C002DADD7 /* UI_____UIImageTests.swift */ = {isa = PBXFileReference; lastKnownFileType = sourcecode.swift; path = "UI_____UIImageTests.swift"; sourceTree = "<group>"; };
		5410BE871C7EEA8C002DADD7 /* Info.plist */ = {isa = PBXFileReference; lastKnownFileType = text.plist.xml; path = Info.plist; sourceTree = "<group>"; };
		5410BE8C1C7EEA8C002DADD7 /* UI控件学习之UIImageUITests.xctest */ = {isa = PBXFileReference; explicitFileType = wrapper.cfbundle; includeInIndex = 0; path = "UI控件学习之UIImageUITests.xctest"; sourceTree = BUILT_PRODUCTS_DIR; };
		5410BE901C7EEA8C002DADD7 /* UI_____UIImageUITests.swift */ = {isa = PBXFileReference; lastKnownFileType = sourcecode.swift; path = "UI_____UIImageUITests.swift"; sourceTree = "<group>"; };
		5410BE921C7EEA8C002DADD7 /* Info.plist */ = {isa = PBXFileReference; lastKnownFileType = text.plist.xml; path = Info.plist; sourceTree = "<group>"; };
/* End PBXFileReference section */

/* Begin PBXFrameworksBuildPhase section */
		5410BE6A1C7EEA8C002DADD7 /* Frameworks */ = {
			isa = PBXFrameworksBuildPhase;
			buildActionMask = 2147483647;
			files = (
			);
			runOnlyForDeploymentPostprocessing = 0;
		};
		5410BE7E1C7EEA8C002DADD7 /* Frameworks */ = {
			isa = PBXFrameworksBuildPhase;
			buildActionMask = 2147483647;
			files = (
			);
			runOnlyForDeploymentPostprocessing = 0;
		};
		5410BE891C7EEA8C002DADD7 /* Frameworks */ = {
			isa = PBXFrameworksBuildPhase;
			buildActionMask = 2147483647;
			files = (
			);
			runOnlyForDeploymentPostprocessing = 0;
		};
/* End PBXFrameworksBuildPhase section */

/* Begin PBXGroup section */
		5410BE641C7EEA8C002DADD7 = {
			isa = PBXGroup;
			children = (
				5410BE6F1C7EEA8C002DADD7 /* UI控件学习之UIImage */,
				5410BE841C7EEA8C002DADD7 /* UI控件学习之UIImageTests */,
				5410BE8F1C7EEA8C002DADD7 /* UI控件学习之UIImageUITests */,
				5410BE6E1C7EEA8C002DADD7 /* Products */,
			);
			sourceTree = "<group>";
		};
		5410BE6E1C7EEA8C002DADD7 /* Products */ = {
			isa = PBXGroup;
			children = (
				5410BE6D1C7EEA8C002DADD7 /* UI控件学习之UIImage.app */,
				5410BE811C7EEA8C002DADD7 /* UI控件学习之UIImageTests.xctest */,
				5410BE8C1C7EEA8C002DADD7 /* UI控件学习之UIImageUITests.xctest */,
			);
			name = Products;
			sourceTree = "<group>";
		};
		5410BE6F1C7EEA8C002DADD7 /* UI控件学习之UIImage */ = {
			isa = PBXGroup;
			children = (
				5410BE701C7EEA8C002DADD7 /* AppDelegate.swift */,
				5410BE721C7EEA8C002DADD7 /* ViewController.swift */,
				5410BE741C7EEA8C002DADD7 /* Main.storyboard */,
				5410BE771C7EEA8C002DADD7 /* Assets.xcassets */,
				5410BE791C7EEA8C002DADD7 /* LaunchScreen.storyboard */,
				5410BE7C1C7EEA8C002DADD7 /* Info.plist */,
			);
			path = "UI控件学习之UIImage";
			sourceTree = "<group>";
		};
		5410BE841C7EEA8C002DADD7 /* UI控件学习之UIImageTests */ = {
			isa = PBXGroup;
			children = (
				5410BE851C7EEA8C002DADD7 /* UI_____UIImageTests.swift */,
				5410BE871C7EEA8C002DADD7 /* Info.plist */,
			);
			path = "UI控件学习之UIImageTests";
			sourceTree = "<group>";
		};
		5410BE8F1C7EEA8C002DADD7 /* UI控件学习之UIImageUITests */ = {
			isa = PBXGroup;
			children = (
				5410BE901C7EEA8C002DADD7 /* UI_____UIImageUITests.swift */,
				5410BE921C7EEA8C002DADD7 /* Info.plist */,
			);
			path = "UI控件学习之UIImageUITests";
			sourceTree = "<group>";
		};
/* End PBXGroup section */

/* Begin PBXNativeTarget section */
		5410BE6C1C7EEA8C002DADD7 /* UI控件学习之UIImage */ = {
			isa = PBXNativeTarget;
			buildConfigurationList = 5410BE951C7EEA8C002DADD7 /* Build configuration list for PBXNativeTarget "UI控件学习之UIImage" */;
			buildPhases = (
				5410BE691C7EEA8C002DADD7 /* Sources */,
				5410BE6A1C7EEA8C002DADD7 /* Frameworks */,
				5410BE6B1C7EEA8C002DADD7 /* Resources */,
			);
			buildRules = (
			);
			dependencies = (
			);
			name = "UI控件学习之UIImage";
			productName = "UI控件学习之UIImage";
			productReference = 5410BE6D1C7EEA8C002DADD7 /* UI控件学习之UIImage.app */;
			productType = "com.apple.product-type.application";
		};
		5410BE801C7EEA8C002DADD7 /* UI控件学习之UIImageTests */ = {
			isa = PBXNativeTarget;
			buildConfigurationList = 5410BE981C7EEA8C002DADD7 /* Build configuration list for PBXNativeTarget "UI控件学习之UIImageTests" */;
			buildPhases = (
				5410BE7D1C7EEA8C002DADD7 /* Sources */,
				5410BE7E1C7EEA8C002DADD7 /* Frameworks */,
				5410BE7F1C7EEA8C002DADD7 /* Resources */,
			);
			buildRules = (
			);
			dependencies = (
				5410BE831C7EEA8C002DADD7 /* PBXTargetDependency */,
			);
			name = "UI控件学习之UIImageTests";
			productName = "UI控件学习之UIImageTests";
			productReference = 5410BE811C7EEA8C002DADD7 /* UI控件学习之UIImageTests.xctest */;
			productType = "com.apple.product-type.bundle.unit-test";
		};
		5410BE8B1C7EEA8C002DADD7 /* UI控件学习之UIImageUITests */ = {
			isa = PBXNativeTarget;
			buildConfigurationList = 5410BE9B1C7EEA8C002DADD7 /* Build configuration list for PBXNativeTarget "UI控件学习之UIImageUITests" */;
			buildPhases = (
				5410BE881C7EEA8C002DADD7 /* Sources */,
				5410BE891C7EEA8C002DADD7 /* Frameworks */,
				5410BE8A1C7EEA8C002DADD7 /* Resources */,
			);
			buildRules = (
			);
			dependencies = (
				5410BE8E1C7EEA8C002DADD7 /* PBXTargetDependency */,
			);
			name = "UI控件学习之UIImageUITests";
			productName = "UI控件学习之UIImageUITests";
			productReference = 5410BE8C1C7EEA8C002DADD7 /* UI控件学习之UIImageUITests.xctest */;
			productType = "com.apple.product-type.bundle.ui-testing";
		};
/* End PBXNativeTarget section */

/* Begin PBXProject section */
		5410BE651C7EEA8C002DADD7 /* Project object */ = {
			isa = PBXProject;
			attributes = {
				LastSwiftUpdateCheck = 0710;
				LastUpgradeCheck = 0710;
				ORGANIZATIONNAME = zhangfei;
				TargetAttributes = {
					5410BE6C1C7EEA8C002DADD7 = {
						CreatedOnToolsVersion = 7.1;
						DevelopmentTeam = 9K8799MPY3;
					};
					5410BE801C7EEA8C002DADD7 = {
						CreatedOnToolsVersion = 7.1;
						DevelopmentTeam = 9K8799MPY3;
						TestTargetID = 5410BE6C1C7EEA8C002DADD7;
					};
					5410BE8B1C7EEA8C002DADD7 = {
						CreatedOnToolsVersion = 7.1;
						DevelopmentTeam = 9K8799MPY3;
						TestTargetID = 5410BE6C1C7EEA8C002DADD7;
					};
				};
			};
			buildConfigurationList = 5410BE681C7EEA8C002DADD7 /* Build configuration list for PBXProject "UI控件学习之UIImage" */;
			compatibilityVersion = "Xcode 3.2";
			developmentRegion = English;
			hasScannedForEncodings = 0;
			knownRegions = (
				en,
				Base,
			);
			mainGroup = 5410BE641C7EEA8C002DADD7;
			productRefGroup = 5410BE6E1C7EEA8C002DADD7 /* Products */;
			projectDirPath = "";
			projectRoot = "";
			targets = (
				5410BE6C1C7EEA8C002DADD7 /* UI控件学习之UIImage */,
				5410BE801C7EEA8C002DADD7 /* UI控件学习之UIImageTests */,
				5410BE8B1C7EEA8C002DADD7 /* UI控件学习之UIImageUITests */,
			);
		};
/* End PBXProject section */

/* Begin PBXResourcesBuildPhase section */
		5410BE6B1C7EEA8C002DADD7 /* Resources */ = {
			isa = PBXResourcesBuildPhase;
			buildActionMask = 2147483647;
			files = (
				5410BE7B1C7EEA8C002DADD7 /* LaunchScreen.storyboard in Resources */,
				5410BE781C7EEA8C002DADD7 /* Assets.xcassets in Resources */,
				5410BE761C7EEA8C002DADD7 /* Main.storyboard in Resources */,
			);
			runOnlyForDeploymentPostprocessing = 0;
		};
		5410BE7F1C7EEA8C002DADD7 /* Resources */ = {
			isa = PBXResourcesBuildPhase;
			buildActionMask = 2147483647;
			files = (
			);
			runOnlyForDeploymentPostprocessing = 0;
		};
		5410BE8A1C7EEA8C002DADD7 /* Resources */ = {
			isa = PBXResourcesBuildPhase;
			buildActionMask = 2147483647;
			files = (
			);
			runOnlyForDeploymentPostprocessing = 0;
		};
/* End PBXResourcesBuildPhase section */

/* Begin PBXSourcesBuildPhase section */
		5410BE691C7EEA8C002DADD7 /* Sources */ = {
			isa = PBXSourcesBuildPhase;
			buildActionMask = 2147483647;
			files = (
				5410BE731C7EEA8C002DADD7 /* ViewController.swift in Sources */,
				5410BE711C7EEA8C002DADD7 /* AppDelegate.swift in Sources */,
			);
			runOnlyForDeploymentPostprocessing = 0;
		};
		5410BE7D1C7EEA8C002DADD7 /* Sources */ = {
			isa = PBXSourcesBuildPhase;
			buildActionMask = 2147483647;
			files = (
				5410BE861C7EEA8C002DADD7 /* UI_____UIImageTests.swift in Sources */,
			);
			runOnlyForDeploymentPostprocessing = 0;
		};
		5410BE881C7EEA8C002DADD7 /* Sources */ = {
			isa = PBXSourcesBuildPhase;
			buildActionMask = 2147483647;
			files = (
				5410BE911C7EEA8C002DADD7 /* UI_____UIImageUITests.swift in Sources */,
			);
			runOnlyForDeploymentPostprocessing = 0;
		};
/* End PBXSourcesBuildPhase section */

/* Begin PBXTargetDependency section */
		5410BE831C7EEA8C002DADD7 /* PBXTargetDependency */ = {
			isa = PBXTargetDependency;
			target = 5410BE6C1C7EEA8C002DADD7 /* UI控件学习之UIImage */;
			targetProxy = 5410BE821C7EEA8C002DADD7 /* PBXContainerItemProxy */;
		};
		5410BE8E1C7EEA8C002DADD7 /* PBXTargetDependency */ = {
			isa = PBXTargetDependency;
			target = 5410BE6C1C7EEA8C002DADD7 /* UI控件学习之UIImage */;
			targetProxy = 5410BE8D1C7EEA8C002DADD7 /* PBXContainerItemProxy */;
		};
/* End PBXTargetDependency section */

/* Begin PBXVariantGroup section */
		5410BE741C7EEA8C002DADD7 /* Main.storyboard */ = {
			isa = PBXVariantGroup;
			children = (
				5410BE751C7EEA8C002DADD7 /* Base */,
			);
			name = Main.storyboard;
			sourceTree = "<group>";
		};
		5410BE791C7EEA8C002DADD7 /* LaunchScreen.storyboard */ = {
			isa = PBXVariantGroup;
			children = (
				5410BE7A1C7EEA8C002DADD7 /* Base */,
			);
			name = LaunchScreen.storyboard;
			sourceTree = "<group>";
		};
/* End PBXVariantGroup section */

/* Begin XCBuildConfiguration section */
		5410BE931C7EEA8C002DADD7 /* Debug */ = {
			isa = XCBuildConfiguration;
			buildSettings = {
				ALWAYS_SEARCH_USER_PATHS = NO;
				CLANG_CXX_LANGUAGE_STANDARD = "gnu++0x";
				CLANG_CXX_LIBRARY = "libc++";
				CLANG_ENABLE_MODULES = YES;
				CLANG_ENABLE_OBJC_ARC = YES;
				CLANG_WARN_BOOL_CONVERSION = YES;
				CLANG_WARN_CONSTANT_CONVERSION = YES;
				CLANG_WARN_DIRECT_OBJC_ISA_USAGE = YES_ERROR;
				CLANG_WARN_EMPTY_BODY = YES;
				CLANG_WARN_ENUM_CONVERSION = YES;
				CLANG_WARN_INT_CONVERSION = YES;
				CLANG_WARN_OBJC_ROOT_CLASS = YES_ERROR;
				CLANG_WARN_UNREACHABLE_CODE = YES;
				CLANG_WARN__DUPLICATE_METHOD_MATCH = YES;
				"CODE_SIGN_IDENTITY[sdk=iphoneos*]" = "iPhone Developer";
				COPY_PHASE_STRIP = NO;
				DEBUG_INFORMATION_FORMAT = dwarf;
				ENABLE_STRICT_OBJC_MSGSEND = YES;
				ENABLE_TESTABILITY = YES;
				GCC_C_LANGUAGE_STANDARD = gnu99;
				GCC_DYNAMIC_NO_PIC = NO;
				GCC_NO_COMMON_BLOCKS = YES;
				GCC_OPTIMIZATION_LEVEL = 0;
				GCC_PREPROCESSOR_DEFINITIONS = (
					"DEBUG=1",
					"$(inherited)",
				);
				GCC_WARN_64_TO_32_BIT_CONVERSION = YES;
				GCC_WARN_ABOUT_RETURN_TYPE = YES_ERROR;
				GCC_WARN_UNDECLARED_SELECTOR = YES;
				GCC_WARN_UNINITIALIZED_AUTOS = YES_AGGRESSIVE;
				GCC_WARN_UNUSED_FUNCTION = YES;
				GCC_WARN_UNUSED_VARIABLE = YES;
				IPHONEOS_DEPLOYMENT_TARGET = 9.1;
				MTL_ENABLE_DEBUG_INFO = YES;
				ONLY_ACTIVE_ARCH = YES;
				SDKROOT = iphoneos;
				SWIFT_OPTIMIZATION_LEVEL = "-Onone";
			};
			name = Debug;
		};
		5410BE941C7EEA8C002DADD7 /* Release */ = {
			isa = XCBuildConfiguration;
			buildSettings = {
				ALWAYS_SEARCH_USER_PATHS = NO;
				CLANG_CXX_LANGUAGE_STANDARD = "gnu++0x";
				CLANG_CXX_LIBRARY = "libc++";
				CLANG_ENABLE_MODULES = YES;
				CLANG_ENABLE_OBJC_ARC = YES;
				CLANG_WARN_BOOL_CONVERSION = YES;
				CLANG_WARN_CONSTANT_CONVERSION = YES;
				CLANG_WARN_DIRECT_OBJC_ISA_USAGE = YES_ERROR;
				CLANG_WARN_EMPTY_BODY = YES;
				CLANG_WARN_ENUM_CONVERSION = YES;
				CLANG_WARN_INT_CONVERSION = YES;
				CLANG_WARN_OBJC_ROOT_CLASS = YES_ERROR;
				CLANG_WARN_UNREACHABLE_CODE = YES;
				CLANG_WARN__DUPLICATE_METHOD_MATCH = YES;
				"CODE_SIGN_IDENTITY[sdk=iphoneos*]" = "iPhone Developer";
				COPY_PHASE_STRIP = NO;
				DEBUG_INFORMATION_FORMAT = "dwarf-with-dsym";
				ENABLE_NS_ASSERTIONS = NO;
				ENABLE_STRICT_OBJC_MSGSEND = YES;
				GCC_C_LANGUAGE_STANDARD = gnu99;
				GCC_NO_COMMON_BLOCKS = YES;
				GCC_WARN_64_TO_32_BIT_CONVERSION = YES;
				GCC_WARN_ABOUT_RETURN_TYPE = YES_ERROR;
				GCC_WARN_UNDECLARED_SELECTOR = YES;
				GCC_WARN_UNINITIALIZED_AUTOS = YES_AGGRESSIVE;
				GCC_WARN_UNUSED_FUNCTION = YES;
				GCC_WARN_UNUSED_VARIABLE = YES;
				IPHONEOS_DEPLOYMENT_TARGET = 9.1;
				MTL_ENABLE_DEBUG_INFO = NO;
				SDKROOT = iphoneos;
				VALIDATE_PRODUCT = YES;
			};
			name = Release;
		};
		5410BE961C7EEA8C002DADD7 /* Debug */ = {
			isa = XCBuildConfiguration;
			buildSettings = {
				ASSETCATALOG_COMPILER_APPICON_NAME = AppIcon;
				INFOPLIST_FILE = "UI控件学习之UIImage/Info.plist";
				LD_RUNPATH_SEARCH_PATHS = "$(inherited) @executable_path/Frameworks";
				PRODUCT_BUNDLE_IDENTIFIER = "tk.zhangfei.www.UI-----UIImage";
				PRODUCT_NAME = "$(TARGET_NAME)";
			};
			name = Debug;
		};
		5410BE971C7EEA8C002DADD7 /* Release */ = {
			isa = XCBuildConfiguration;
			buildSettings = {
				ASSETCATALOG_COMPILER_APPICON_NAME = AppIcon;
				INFOPLIST_FILE = "UI控件学习之UIImage/Info.plist";
				LD_RUNPATH_SEARCH_PATHS = "$(inherited) @executable_path/Frameworks";
				PRODUCT_BUNDLE_IDENTIFIER = "tk.zhangfei.www.UI-----UIImage";
				PRODUCT_NAME = "$(TARGET_NAME)";
			};
			name = Release;
		};
		5410BE991C7EEA8C002DADD7 /* Debug */ = {
			isa = XCBuildConfiguration;
			buildSettings = {
				BUNDLE_LOADER = "$(TEST_HOST)";
				INFOPLIST_FILE = "UI控件学习之UIImageTests/Info.plist";
				LD_RUNPATH_SEARCH_PATHS = "$(inherited) @executable_path/Frameworks @loader_path/Frameworks";
				PRODUCT_BUNDLE_IDENTIFIER = "tk.zhangfei.www.UI-----UIImageTests";
				PRODUCT_NAME = "$(TARGET_NAME)";
				TEST_HOST = "$(BUILT_PRODUCTS_DIR)/UI控件学习之UIImage.app/UI控件学习之UIImage";
			};
			name = Debug;
		};
		5410BE9A1C7EEA8C002DADD7 /* Release */ = {
			isa = XCBuildConfiguration;
			buildSettings = {
				BUNDLE_LOADER = "$(TEST_HOST)";
				INFOPLIST_FILE = "UI控件学习之UIImageTests/Info.plist";
				LD_RUNPATH_SEARCH_PATHS = "$(inherited) @executable_path/Frameworks @loader_path/Frameworks";
				PRODUCT_BUNDLE_IDENTIFIER = "tk.zhangfei.www.UI-----UIImageTests";
				PRODUCT_NAME = "$(TARGET_NAME)";
				TEST_HOST = "$(BUILT_PRODUCTS_DIR)/UI控件学习之UIImage.app/UI控件学习之UIImage";
			};
			name = Release;
		};
		5410BE9C1C7EEA8C002DADD7 /* Debug */ = {
			isa = XCBuildConfiguration;
			buildSettings = {
				INFOPLIST_FILE = "UI控件学习之UIImageUITests/Info.plist";
				LD_RUNPATH_SEARCH_PATHS = "$(inherited) @executable_path/Frameworks @loader_path/Frameworks";
				PRODUCT_BUNDLE_IDENTIFIER = "tk.zhangfei.www.UI-----UIImageUITests";
				PRODUCT_NAME = "$(TARGET_NAME)";
				TEST_TARGET_NAME = "UI控件学习之UIImage";
				USES_XCTRUNNER = YES;
			};
			name = Debug;
		};
		5410BE9D1C7EEA8C002DADD7 /* Release */ = {
			isa = XCBuildConfiguration;
			buildSettings = {
				INFOPLIST_FILE = "UI控件学习之UIImageUITests/Info.plist";
				LD_RUNPATH_SEARCH_PATHS = "$(inherited) @executable_path/Frameworks @loader_path/Frameworks";
				PRODUCT_BUNDLE_IDENTIFIER = "tk.zhangfei.www.UI-----UIImageUITests";
				PRODUCT_NAME = "$(TARGET_NAME)";
				TEST_TARGET_NAME = "UI控件学习之UIImage";
				USES_XCTRUNNER = YES;
			};
			name = Release;
		};
/* End XCBuildConfiguration section */

/* Begin XCConfigurationList section */
		5410BE681C7EEA8C002DADD7 /* Build configuration list for PBXProject "UI控件学习之UIImage" */ = {
			isa = XCConfigurationList;
			buildConfigurations = (
				5410BE931C7EEA8C002DADD7 /* Debug */,
				5410BE941C7EEA8C002DADD7 /* Release */,
			);
			defaultConfigurationIsVisible = 0;
			defaultConfigurationName = Release;
		};
		5410BE951C7EEA8C002DADD7 /* Build configuration list for PBXNativeTarget "UI控件学习之UIImage" */ = {
			isa = XCConfigurationList;
			buildConfigurations = (
				5410BE961C7EEA8C002DADD7 /* Debug */,
				5410BE971C7EEA8C002DADD7 /* Release */,
			);
			defaultConfigurationIsVisible = 0;
		};
		5410BE981C7EEA8C002DADD7 /* Build configuration list for PBXNativeTarget "UI控件学习之UIImageTests" */ = {
			isa = XCConfigurationList;
			buildConfigurations = (
				5410BE991C7EEA8C002DADD7 /* Debug */,
				5410BE9A1C7EEA8C002DADD7 /* Release */,
			);
			defaultConfigurationIsVisible = 0;
		};
		5410BE9B1C7EEA8C002DADD7 /* Build configuration list for PBXNativeTarget "UI控件学习之UIImageUITests" */ = {
			isa = XCConfigurationList;
			buildConfigurations = (
				5410BE9C1C7EEA8C002DADD7 /* Debug */,
				5410BE9D1C7EEA8C002DADD7 /* Release */,
			);
			defaultConfigurationIsVisible = 0;
		};
/* End XCConfigurationList section */
	};
	rootObject = 5410BE651C7EEA8C002DADD7 /* Project object */;
}
